<?xml version="1.0" encoding="utf-8"?>
<Project ToolsVersion="4.0" xmlns="http://schemas.microsoft.com/developer/msbuild/2003">
  <ItemGroup>
    <Filter Include="include">
      <UniqueIdentifier>{f56a65a6-2c54-4def-a8d4-fe9537df5b51}</UniqueIdentifier>
    </Filter>
    <Filter Include="src">
      <UniqueIdentifier>{e9166ee1-0b0d-4adb-866c-aae20d53b5ef}</UniqueIdentifier>
    </Filter>
  </ItemGroup>
  <ItemGroup>
    <ClInclude Include="include\cderror.h">
      <Filter>include</Filter>
    </ClInclude>
    <ClInclude Include="include\cdjpeg.h">
      <Filter>include</Filter>
    </ClInclude>
    <ClInclude Include="include\jconfig.h">
      <Filter>include</Filter>
    </ClInclude>
    <ClInclude Include="include\jdct.h">
      <Filter>include</Filter>
    </ClInclude>
    <ClInclude Include="include\jerror.h">
      <Filter>include</Filter>
    </ClInclude>
    <ClInclude Include="include\jinclude.h">
      <Filter>include</Filter>
    </ClInclude>
    <ClInclude Include="include\jmemsys.h">
      <Filter>include</Filter>
    </ClInclude>
    <ClInclude Include="include\jmorecfg.h">
      <Filter>include</Filter>
    </ClInclude>
    <ClInclude Include="include\jpegint.h">
      <Filter>include</Filter>
    </ClInclude>
    <ClInclude Include="include\jpeglib.h">
      <Filter>include</Filter>
    </ClInclude>
    <ClInclude Include="include\jversion.h">
      <Filter>include</Filter>
    </ClInclude>
    <ClInclude Include="include\transupp.h">
      <Filter>include</Filter>
    </ClInclude>
  </ItemGroup>
  <ItemGroup>
    <ClCompile Include="src\jaricom.c">
      <Filter>src</Filter>
    </ClCompile>
    <ClCompile Include="src\jcapimin.c">
      <Filter>src</Filter>
    </ClCompile>
    <ClCompile Include="src\jcapistd.c">
      <Filter>src</Filter>
    </ClCompile>
    <ClCompile Include="src\jcarith.c">
      <Filter>src</Filter>
    </ClCompile>
    <ClCompile Include="src\jccoefct.c">
      <Filter>src</Filter>
    </ClCompile>
    <ClCompile Include="src\jccolor.c">
      <Filter>src</Filter>
    </ClCompile>
    <ClCompile Include="src\jcdctmgr.c">
      <Filter>src</Filter>
    </ClCompile>
    <ClCompile Include="src\jchuff.c">
      <Filter>src</Filter>
    </ClCompile>
    <ClCompile Include="src\jcinit.c">
      <Filter>src</Filter>
    </ClCompile>
    <ClCompile Include="src\jcmainct.c">
      <Filter>src</Filter>
    </ClCompile>
    <ClCompile Include="src\jcmarker.c">
      <Filter>src</Filter>
    </ClCompile>
    <ClCompile Include="src\jcmaster.c">
      <Filter>src</Filter>
    </ClCompile>
    <ClCompile Include="src\jcomapi.c">
      <Filter>src</Filter>
    </ClCompile>
    <ClCompile Include="src\jcparam.c">
      <Filter>src</Filter>
    </ClCompile>
    <ClCompile Include="src\jcprepct.c">
      <Filter>src</Filter>
    </ClCompile>
    <ClCompile Include="src\jcsample.c">
      <Filter>src</Filter>
    </ClCompile>
    <ClCompile Include="src\jctrans.c">
      <Filter>src</Filter>
    </ClCompile>
    <ClCompile Include="src\jdapimin.c">
      <Filter>src</Filter>
    </ClCompile>
    <ClCompile Include="src\jdapistd.c">
      <Filter>src</Filter>
    </ClCompile>
    <ClCompile Include="src\jdarith.c">
      <Filter>src</Filter>
    </ClCompile>
    <ClCompile Include="src\jdatadst.c">
      <Filter>src</Filter>
    </ClCompile>
    <ClCompile Include="src\jdatasrc.c">
      <Filter>src</Filter>
    </ClCompile>
    <ClCompile Include="src\jdcoefct.c">
      <Filter>src</Filter>
    </ClCompile>
    <ClCompile Include="src\jdcolor.c">
      <Filter>src</Filter>
    </ClCompile>
    <ClCompile Include="src\jddctmgr.c">
      <Filter>src</Filter>
    </ClCompile>
    <ClCompile Include="src\jdhuff.c">
      <Filter>src</Filter>
    </ClCompile>
    <ClCompile Include="src\jdinput.c">
      <Filter>src</Filter>
    </ClCompile>
    <ClCompile Include="src\jdmainct.c">
      <Filter>src</Filter>
    </ClCompile>
    <ClCompile Include="src\jdmarker.c">
      <Filter>src</Filter>
    </ClCompile>
    <ClCompile Include="src\jdmaster.c">
      <Filter>src</Filter>
    </ClCompile>
    <ClCompile Include="src\jdmerge.c">
      <Filter>src</Filter>
    </ClCompile>
    <ClCompile Include="src\jdpostct.c">
      <Filter>src</Filter>
    </ClCompile>
    <ClCompile Include="src\jdsample.c">
      <Filter>src</Filter>
    </ClCompile>
    <ClCompile Include="src\jdtrans.c">
      <Filter>src</Filter>
    </ClCompile>
    <ClCompile Include="src\jerror.c">
      <Filter>src</Filter>
    </ClCompile>
    <ClCompile Include="src\jfdctflt.c">
      <Filter>src</Filter>
    </ClCompile>
    <ClCompile Include="src\jfdctfst.c">
      <Filter>src</Filter>
    </ClCompile>
    <ClCompile Include="src\jfdctint.c">
      <Filter>src</Filter>
    </ClCompile>
    <ClCompile Include="src\jidctflt.c">
      <Filter>src</Filter>
    </ClCompile>
    <ClCompile Include="src\jidctfst.c">
      <Filter>src</Filter>
    </ClCompile>
    <ClCompile Include="src\jidctint.c">
      <Filter>src</Filter>
    </ClCompile>
    <ClCompile Include="src\jmemmgr.c">
      <Filter>src</Filter>
    </ClCompile>
    <ClCompile Include="src\jmemnobs.c">
      <Filter>src</Filter>
    </ClCompile>
    <ClCompile Include="src\jquant1.c">
      <Filter>src</Filter>
    </ClCompile>
    <ClCompile Include="src\jquant2.c">
      <Filter>src</Filter>
    </ClCompile>
    <ClCompile Include="src\jutils.c">
      <Filter>src</Filter>
    </ClCompile>
    <ClCompile Include="src\rdbmp.c">
      <Filter>src</Filter>
    </ClCompile>
    <ClCompile Include="src\rdcolmap.c">
      <Filter>src</Filter>
    </ClCompile>
    <ClCompile Include="src\rdgif.c">
      <Filter>src</Filter>
    </ClCompile>
    <ClCompile Include="src\rdppm.c">
      <Filter>src</Filter>
    </ClCompile>
    <ClCompile Include="src\rdrle.c">
      <Filter>src</Filter>
    </ClCompile>
    <ClCompile Include="src\rdswitch.c">
      <Filter>src</Filter>
    </ClCompile>
    <ClCompile Include="src\rdtarga.c">
      <Filter>src</Filter>
    </ClCompile>
    <ClCompile Include="src\transupp.c">
      <Filter>src</Filter>
    </ClCompile>
    <ClCompile Include="src\wrbmp.c">
      <Filter>src</Filter>
    </ClCompile>
    <ClCompile Include="src\wrgif.c">
      <Filter>src</Filter>
    </ClCompile>
    <ClCompile Include="src\wrppm.c">
      <Filter>src</Filter>
    </ClCompile>
    <ClCompile Include="src\wrrle.c">
      <Filter>src</Filter>
    </ClCompile>
    <ClCompile Include="src\wrtarga.c">
      <Filter>src</Filter>
    </ClCompile>
    <ClCompile Include="src\cdjpeg.c">
      <Filter>src</Filter>
    </ClCompile>
  </ItemGroup>
  <ItemGroup>
    <None Include="exports.def" />
  </ItemGroup>
</Project>